// !$*UTF8*$!
{
	archiveVersion = 1;
	classes = {
	};
	objectVersion = 46;
	objects = {

/* Begin PBXBuildFile section */
		370F0D351E7B7FCC004B8663 /* main.m in Sources */ = {isa = PBXBuildFile; fileRef = 370F0D341E7B7FCC004B8663 /* main.m */; };
		370F0D381E7B7FCC004B8663 /* AppDelegate.m in Sources */ = {isa = PBXBuildFile; fileRef = 370F0D371E7B7FCC004B8663 /* AppDelegate.m */; };
		370F0D3E1E7B7FCC004B8663 /* Main.storyboard in Resources */ = {isa = PBXBuildFile; fileRef = 370F0D3C1E7B7FCC004B8663 /* Main.storyboard */; };
		370F0D401E7B7FCC004B8663 /* Assets.xcassets in Resources */ = {isa = PBXBuildFile; fileRef = 370F0D3F1E7B7FCC004B8663 /* Assets.xcassets */; };
		370F0D431E7B7FCC004B8663 /* LaunchScreen.storyboard in Resources */ = {isa = PBXBuildFile; fileRef = 370F0D411E7B7FCC004B8663 /* LaunchScreen.storyboard */; };
		370F0D4D1E7B8041004B8663 /* ACAlertController.m in Sources */ = {isa = PBXBuildFile; fileRef = 370F0D4C1E7B8041004B8663 /* ACAlertController.m */; };
		370F0D501E7B81FD004B8663 /* MainTableViewController.m in Sources */ = {isa = PBXBuildFile; fileRef = 370F0D4F1E7B81FD004B8663 /* MainTableViewController.m */; };
/* End PBXBuildFile section */

/* Begin PBXFileReference section */
		370F0D301E7B7FCC004B8663 /* ACAlertControllerExample.app */ = {isa = PBXFileReference; explicitFileType = wrapper.application; includeInIndex = 0; path = ACAlertControllerExample.app; sourceTree = BUILT_PRODUCTS_DIR; };
		370F0D341E7B7FCC004B8663 /* main.m */ = {isa = PBXFileReference; lastKnownFileType = sourcecode.c.objc; path = main.m; sourceTree = "<group>"; };
		370F0D361E7B7FCC004B8663 /* AppDelegate.h */ = {isa = PBXFileReference; lastKnownFileType = sourcecode.c.h; path = AppDelegate.h; sourceTree = "<group>"; };
		370F0D371E7B7FCC004B8663 /* AppDelegate.m */ = {isa = PBXFileReference; lastKnownFileType = sourcecode.c.objc; path = AppDelegate.m; sourceTree = "<group>"; };
		370F0D3D1E7B7FCC004B8663 /* Base */ = {isa = PBXFileReference; lastKnownFileType = file.storyboard; name = Base; path = Base.lproj/Main.storyboard; sourceTree = "<group>"; };
		370F0D3F1E7B7FCC004B8663 /* Assets.xcassets */ = {isa = PBXFileReference; lastKnownFileType = folder.assetcatalog; path = Assets.xcassets; sourceTree = "<group>"; };
		370F0D421E7B7FCC004B8663 /* Base */ = {isa = PBXFileReference; lastKnownFileType = file.storyboard; name = Base; path = Base.lproj/LaunchScreen.storyboard; sourceTree = "<group>"; };
		370F0D441E7B7FCC004B8663 /* Info.plist */ = {isa = PBXFileReference; lastKnownFileType = text.plist.xml; path = Info.plist; sourceTree = "<group>"; };
		370F0D4B1E7B8041004B8663 /* ACAlertController.h */ = {isa = PBXFileReference; fileEncoding = 4; lastKnownFileType = sourcecode.c.h; path = ACAlertController.h; sourceTree = "<group>"; };
		370F0D4C1E7B8041004B8663 /* ACAlertController.m */ = {isa = PBXFileReference; fileEncoding = 4; lastKnownFileType = sourcecode.c.objc; path = ACAlertController.m; sourceTree = "<group>"; };
		370F0D4E1E7B81FD004B8663 /* MainTableViewController.h */ = {isa = PBXFileReference; fileEncoding = 4; lastKnownFileType = sourcecode.c.h; path = MainTableViewController.h; sourceTree = "<group>"; };
		370F0D4F1E7B81FD004B8663 /* MainTableViewController.m */ = {isa = PBXFileReference; fileEncoding = 4; lastKnownFileType = sourcecode.c.objc; path = MainTableViewController.m; sourceTree = "<group>"; };
/* End PBXFileReference section */

/* Begin PBXFrameworksBuildPhase section */
		370F0D2D1E7B7FCC004B8663 /* Frameworks */ = {
			isa = PBXFrameworksBuildPhase;
			buildActionMask = 2147483647;
			files = (
			);
			runOnlyForDeploymentPostprocessing = 0;
		};
/* End PBXFrameworksBuildPhase section */

/* Begin PBXGroup section */
		370F0D271E7B7FCC004B8663 = {
			isa = PBXGroup;
			children = (
				370F0D4A1E7B8041004B8663 /* ACAlertController */,
				370F0D321E7B7FCC004B8663 /* ACAlertControllerExample */,
				370F0D311E7B7FCC004B8663 /* Products */,
			);
			sourceTree = "<group>";
		};
		370F0D311E7B7FCC004B8663 /* Products */ = {
			isa = PBXGroup;
			children = (
				370F0D301E7B7FCC004B8663 /* ACAlertControllerExample.app */,
			);
			name = Products;
			sourceTree = "<group>";
		};
		370F0D321E7B7FCC004B8663 /* ACAlertControllerExample */ = {
			isa = PBXGroup;
			children = (
				370F0D361E7B7FCC004B8663 /* AppDelegate.h */,
				370F0D371E7B7FCC004B8663 /* AppDelegate.m */,
				370F0D4E1E7B81FD004B8663 /* MainTableViewController.h */,
				370F0D4F1E7B81FD004B8663 /* MainTableViewController.m */,
				370F0D3C1E7B7FCC004B8663 /* Main.storyboard */,
				370F0D3F1E7B7FCC004B8663 /* Assets.xcassets */,
				370F0D411E7B7FCC004B8663 /* LaunchScreen.storyboard */,
				370F0D441E7B7FCC004B8663 /* Info.plist */,
				370F0D331E7B7FCC004B8663 /* Supporting Files */,
			);
			path = ACAlertControllerExample;
			sourceTree = "<group>";
		};
		370F0D331E7B7FCC004B8663 /* Supporting Files */ = {
			isa = PBXGroup;
			children = (
				370F0D341E7B7FCC004B8663 /* main.m */,
			);
			name = "Supporting Files";
			sourceTree = "<group>";
		};
		370F0D4A1E7B8041004B8663 /* ACAlertController */ = {
			isa = PBXGroup;
			children = (
				370F0D4B1E7B8041004B8663 /* ACAlertController.h */,
				370F0D4C1E7B8041004B8663 /* ACAlertController.m */,
			);
			path = ACAlertController;
			sourceTree = "<group>";
		};
/* End PBXGroup section */

/* Begin PBXNativeTarget section */
		370F0D2F1E7B7FCC004B8663 /* ACAlertControllerExample */ = {
			isa = PBXNativeTarget;
			buildConfigurationList = 370F0D471E7B7FCC004B8663 /* Build configuration list for PBXNativeTarget "ACAlertControllerExample" */;
			buildPhases = (
				370F0D2C1E7B7FCC004B8663 /* Sources */,
				370F0D2D1E7B7FCC004B8663 /* Frameworks */,
				370F0D2E1E7B7FCC004B8663 /* Resources */,
			);
			buildRules = (
			);
			dependencies = (
			);
			name = ACAlertControllerExample;
			productName = ACAlertControllerExample;
			productReference = 370F0D301E7B7FCC004B8663 /* ACAlertControllerExample.app */;
			productType = "com.apple.product-type.application";
		};
/* End PBXNativeTarget section */

/* Begin PBXProject section */
		370F0D281E7B7FCC004B8663 /* Project object */ = {
			isa = PBXProject;
			attributes = {
				LastUpgradeCheck = 0820;
				ORGANIZATIONNAME = ArthurCao;
				TargetAttributes = {
					370F0D2F1E7B7FCC004B8663 = {
						CreatedOnToolsVersion = 8.2.1;
						ProvisioningStyle = Automatic;
					};
				};
			};
			buildConfigurationList = 370F0D2B1E7B7FCC004B8663 /* Build configuration list for PBXProject "ACAlertControllerExample" */;
			compatibilityVersion = "Xcode 3.2";
			developmentRegion = English;
			hasScannedForEncodings = 0;
			knownRegions = (
				en,
				Base,
			);
			mainGroup = 370F0D271E7B7FCC004B8663;
			productRefGroup = 370F0D311E7B7FCC004B8663 /* Products */;
			projectDirPath = "";
			projectRoot = "";
			targets = (
				370F0D2F1E7B7FCC004B8663 /* ACAlertControllerExample */,
			);
		};
/* End PBXProject section */

/* Begin PBXResourcesBuildPhase section */
		370F0D2E1E7B7FCC004B8663 /* Resources */ = {
			isa = PBXResourcesBuildPhase;
			buildActionMask = 2147483647;
			files = (
				370F0D431E7B7FCC004B8663 /* LaunchScreen.storyboard in Resources */,
				370F0D401E7B7FCC004B8663 /* Assets.xcassets in Resources */,
				370F0D3E1E7B7FCC004B8663 /* Main.storyboard in Resources */,
			);
			runOnlyForDeploymentPostprocessing = 0;
		};
/* End PBXResourcesBuildPhase section */

/* Begin PBXSourcesBuildPhase section */
		370F0D2C1E7B7FCC004B8663 /* Sources */ = {
			isa = PBXSourcesBuildPhase;
			buildActionMask = 2147483647;
			files = (
				370F0D501E7B81FD004B8663 /* MainTableViewController.m in Sources */,
				370F0D381E7B7FCC004B8663 /* AppDelegate.m in Sources */,
				370F0D4D1E7B8041004B8663 /* ACAlertController.m in Sources */,
				370F0D351E7B7FCC004B8663 /* main.m in Sources */,
			);
			runOnlyForDeploymentPostprocessing = 0;
		};
/* End PBXSourcesBuildPhase section */

/* Begin PBXVariantGroup section */
		370F0D3C1E7B7FCC004B8663 /* Main.storyboard */ = {
			isa = PBXVariantGroup;
			children = (
				370F0D3D1E7B7FCC004B8663 /* Base */,
			);
			name = Main.storyboard;
			sourceTree = "<group>";
		};
		370F0D411E7B7FCC004B8663 /* LaunchScreen.storyboard */ = {
			isa = PBXVariantGroup;
			children = (
				370F0D421E7B7FCC004B8663 /* Base */,
			);
			name = LaunchScreen.storyboard;
			sourceTree = "<group>";
		};
/* End PBXVariantGroup section */

/* Begin XCBuildConfiguration section */
		370F0D451E7B7FCC004B8663 /* Debug */ = {
			isa = XCBuildConfiguration;
			buildSettings = {
				ALWAYS_SEARCH_USER_PATHS = NO;
				CLANG_ANALYZER_NONNULL = YES;
				CLANG_CXX_LANGUAGE_STANDARD = "gnu++0x";
				CLANG_CXX_LIBRARY = "libc++";
				CLANG_ENABLE_MODULES = YES;
				CLANG_ENABLE_OBJC_ARC = YES;
				CLANG_WARN_BOOL_CONVERSION = YES;
				CLANG_WARN_CONSTANT_CONVERSION = YES;
				CLANG_WARN_DIRECT_OBJC_ISA_USAGE = YES_ERROR;
				CLANG_WARN_DOCUMENTATION_COMMENTS = YES;
				CLANG_WARN_EMPTY_BODY = YES;
				CLANG_WARN_ENUM_CONVERSION = YES;
				CLANG_WARN_INFINITE_RECURSION = YES;
				CLANG_WARN_INT_CONVERSION = YES;
				CLANG_WARN_OBJC_ROOT_CLASS = YES_ERROR;
				CLANG_WARN_SUSPICIOUS_MOVE = YES;
				CLANG_WARN_UNREACHABLE_CODE = YES;
				CLANG_WARN__DUPLICATE_METHOD_MATCH = YES;
				"CODE_SIGN_IDENTITY[sdk=iphoneos*]" = "iPhone Developer";
				COPY_PHASE_STRIP = NO;
				DEBUG_INFORMATION_FORMAT = dwarf;
				ENABLE_STRICT_OBJC_MSGSEND = YES;
				ENABLE_TESTABILITY = YES;
				GCC_C_LANGUAGE_STANDARD = gnu99;
				GCC_DYNAMIC_NO_PIC = NO;
				GCC_NO_COMMON_BLOCKS = YES;
				GCC_OPTIMIZATION_LEVEL = 0;
				GCC_PREPROCESSOR_DEFINITIONS = (
					"DEBUG=1",
					"$(inherited)",
				);
				GCC_WARN_64_TO_32_BIT_CONVERSION = YES;
				GCC_WARN_ABOUT_RETURN_TYPE = YES_ERROR;
				GCC_WARN_UNDECLARED_SELECTOR = YES;
				GCC_WARN_UNINITIALIZED_AUTOS = YES_AGGRESSIVE;
				GCC_WARN_UNUSED_FUNCTION = YES;
				GCC_WARN_UNUSED_VARIABLE = YES;
				IPHONEOS_DEPLOYMENT_TARGET = 10.2;
				MTL_ENABLE_DEBUG_INFO = YES;
				ONLY_ACTIVE_ARCH = YES;
				SDKROOT = iphoneos;
			};
			name = Debug;
		};
		370F0D461E7B7FCC004B8663 /* Release */ = {
			isa = XCBuildConfiguration;
			buildSettings = {
				ALWAYS_SEARCH_USER_PATHS = NO;
				CLANG_ANALYZER_NONNULL = YES;
				CLANG_CXX_LANGUAGE_STANDARD = "gnu++0x";
				CLANG_CXX_LIBRARY = "libc++";
				CLANG_ENABLE_MODULES = YES;
				CLANG_ENABLE_OBJC_ARC = YES;
				CLANG_WARN_BOOL_CONVERSION = YES;
				CLANG_WARN_CONSTANT_CONVERSION = YES;
				CLANG_WARN_DIRECT_OBJC_ISA_USAGE = YES_ERROR;
				CLANG_WARN_DOCUMENTATION_COMMENTS = YES;
				CLANG_WARN_EMPTY_BODY = YES;
				CLANG_WARN_ENUM_CONVERSION = YES;
				CLANG_WARN_INFINITE_RECURSION = YES;
				CLANG_WARN_INT_CONVERSION = YES;
				CLANG_WARN_OBJC_ROOT_CLASS = YES_ERROR;
				CLANG_WARN_SUSPICIOUS_MOVE = YES;
				CLANG_WARN_UNREACHABLE_CODE = YES;
				CLANG_WARN__DUPLICATE_METHOD_MATCH = YES;
				"CODE_SIGN_IDENTITY[sdk=iphoneos*]" = "iPhone Developer";
				COPY_PHASE_STRIP = NO;
				DEBUG_INFORMATION_FORMAT = "dwarf-with-dsym";
				ENABLE_NS_ASSERTIONS = NO;
				ENABLE_STRICT_OBJC_MSGSEND = YES;
				GCC_C_LANGUAGE_STANDARD = gnu99;
				GCC_NO_COMMON_BLOCKS = YES;
				GCC_WARN_64_TO_32_BIT_CONVERSION = YES;
				GCC_WARN_ABOUT_RETURN_TYPE = YES_ERROR;
				GCC_WARN_UNDECLARED_SELECTOR = YES;
				GCC_WARN_UNINITIALIZED_AUTOS = YES_AGGRESSIVE;
				GCC_WARN_UNUSED_FUNCTION = YES;
				GCC_WARN_UNUSED_VARIABLE = YES;
				IPHONEOS_DEPLOYMENT_TARGET = 10.2;
				MTL_ENABLE_DEBUG_INFO = NO;
				SDKROOT = iphoneos;
				VALIDATE_PRODUCT = YES;
			};
			name = Release;
		};
		370F0D481E7B7FCC004B8663 /* Debug */ = {
			isa = XCBuildConfiguration;
			buildSettings = {
				ASSETCATALOG_COMPILER_APPICON_NAME = AppIcon;
				INFOPLIST_FILE = ACAlertControllerExample/Info.plist;
				LD_RUNPATH_SEARCH_PATHS = "$(inherited) @executable_path/Frameworks";
				PRODUCT_BUNDLE_IDENTIFIER = ArthurCao.ACAlertControllerExample;
				PRODUCT_NAME = "$(TARGET_NAME)";
			};
			name = Debug;
		};
		370F0D491E7B7FCC004B8663 /* Release */ = {
			isa = XCBuildConfiguration;
			buildSettings = {
				ASSETCATALOG_COMPILER_APPICON_NAME = AppIcon;
				INFOPLIST_FILE = ACAlertControllerExample/Info.plist;
				LD_RUNPATH_SEARCH_PATHS = "$(inherited) @executable_path/Frameworks";
				PRODUCT_BUNDLE_IDENTIFIER = ArthurCao.ACAlertControllerExample;
				PRODUCT_NAME = "$(TARGET_NAME)";
			};
			name = Release;
		};
/* End XCBuildConfiguration section */

/* Begin XCConfigurationList section */
		370F0D2B1E7B7FCC004B8663 /* Build configuration list for PBXProject "ACAlertControllerExample" */ = {
			isa = XCConfigurationList;
			buildConfigurations = (
				370F0D451E7B7FCC004B8663 /* Debug */,
				370F0D461E7B7FCC004B8663 /* Release */,
			);
			defaultConfigurationIsVisible = 0;
			defaultConfigurationName = Release;
		};
		370F0D471E7B7FCC004B8663 /* Build configuration list for PBXNativeTarget "ACAlertControllerExample" */ = {
			isa = XCConfigurationList;
			buildConfigurations = (
				370F0D481E7B7FCC004B8663 /* Debug */,
				370F0D491E7B7FCC004B8663 /* Release */,
			);
			defaultConfigurationIsVisible = 0;
		};
/* End XCConfigurationList section */
	};
	rootObject = 370F0D281E7B7FCC004B8663 /* Project object */;
}
